
Microsoft Visual Studio Solution File, Format Version 12.00
# Visual Studio Version 16
VisualStudioVersion = 16.0.28803.156
MinimumVisualStudioVersion = 10.0.40219.1
Project("{FAE04EC0-301F-11D3-BF4B-00C04F79EFBC}") = "practica_1", "practica_1\practica_1.csproj", "{6B8E7EEF-FBF8-4B60-947C-A15A971D3472}"
EndProject
Global
	GlobalSection(SolutionConfigurationPlatforms) = preSolution
		Debug|Any CPU = Debug|Any CPU
		Release|Any CPU = Release|Any CPU
	EndGlobalSection
	GlobalSection(ProjectConfigurationPlatforms) = postSolution
		{6B8E7EEF-FBF8-4B60-947C-A15A971D3472}.Debug|Any CPU.ActiveCfg = Debug|Any CPU
		{6B8E7EEF-FBF8-4B60-947C-A15A971D3472}.Debug|Any CPU.Build.0 = Debug|Any CPU
		{6B8E7EEF-FBF8-4B60-947C-A15A971D3472}.Release|Any CPU.ActiveCfg = Release|Any CPU
		{6B8E7EEF-FBF8-4B60-947C-A15A971D3472}.Release|Any CPU.Build.0 = Release|Any CPU
	EndGlobalSection
	GlobalSection(SolutionProperties) = preSolution
		HideSolutionNode = FALSE
	EndGlobalSection
	GlobalSection(ExtensibilityGlobals) = postSolution
		SolutionGuid = {A361C813-5DF8-4AC0-AD83-5D1D68CBAD84}
	EndGlobalSection
EndGlobal
